
Microsoft Visual Studio Solution File, Format Version 12.00
# Visual Studio Version 17
VisualStudioVersion = 17.14.36119.2 d17.14
MinimumVisualStudioVersion = 10.0.40219.1
Project("{FAE04EC0-301F-11D3-BF4B-00C04F79EFBC}") = "AuthAPI", "AuthAPI\AuthAPI.csproj", "{FF6EE2A2-DF59-43A8-AB7B-9F28E96807B5}"
EndProject
Global
	GlobalSection(SolutionConfigurationPlatforms) = preSolution
		Debug|Any CPU = Debug|Any CPU
		Release|Any CPU = Release|Any CPU
	EndGlobalSection
	GlobalSection(ProjectConfigurationPlatforms) = postSolution
		{FF6EE2A2-DF59-43A8-AB7B-9F28E96807B5}.Debug|Any CPU.ActiveCfg = Debug|Any CPU
		{FF6EE2A2-DF59-43A8-AB7B-9F28E96807B5}.Debug|Any CPU.Build.0 = Debug|Any CPU
		{FF6EE2A2-DF59-43A8-AB7B-9F28E96807B5}.Release|Any CPU.ActiveCfg = Release|Any CPU
		{FF6EE2A2-DF59-43A8-AB7B-9F28E96807B5}.Release|Any CPU.Build.0 = Release|Any CPU
	EndGlobalSection
	GlobalSection(SolutionProperties) = preSolution
		HideSolutionNode = FALSE
	EndGlobalSection
	GlobalSection(ExtensibilityGlobals) = postSolution
		SolutionGuid = {A10B15F0-FEB0-48EE-B6EB-F87A6B84D462}
	EndGlobalSection
EndGlobal
